// !$*UTF8*$!
{
	archiveVersion = 1;
	classes = {
	};
	objectVersion = 55;
	objects = {

/* Begin PBXBuildFile section */
		4B1B406F288BF8800063989C /* AppDelegate.swift in Sources */ = {isa = PBXBuildFile; fileRef = 4B1B406E288BF8800063989C /* AppDelegate.swift */; };
		4B1B4071288BF8800063989C /* SceneDelegate.swift in Sources */ = {isa = PBXBuildFile; fileRef = 4B1B4070288BF8800063989C /* SceneDelegate.swift */; };
		4B1B4073288BF8800063989C /* ViewController.swift in Sources */ = {isa = PBXBuildFile; fileRef = 4B1B4072288BF8800063989C /* ViewController.swift */; };
		4B1B4078288BF8810063989C /* Assets.xcassets in Resources */ = {isa = PBXBuildFile; fileRef = 4B1B4077288BF8810063989C /* Assets.xcassets */; };
		4B1B407B288BF8810063989C /* LaunchScreen.storyboard in Resources */ = {isa = PBXBuildFile; fileRef = 4B1B4079288BF8810063989C /* LaunchScreen.storyboard */; };
		4B1B4086288BF8810063989C /* Directory_AppTests.swift in Sources */ = {isa = PBXBuildFile; fileRef = 4B1B4085288BF8810063989C /* Directory_AppTests.swift */; };
		4B1B4090288BF8810063989C /* Directory_AppUITests.swift in Sources */ = {isa = PBXBuildFile; fileRef = 4B1B408F288BF8810063989C /* Directory_AppUITests.swift */; };
		4B1B4092288BF8810063989C /* Directory_AppUITestsLaunchTests.swift in Sources */ = {isa = PBXBuildFile; fileRef = 4B1B4091288BF8810063989C /* Directory_AppUITestsLaunchTests.swift */; };
		4B1B40A2288BF90D0063989C /* ViewModelProtocol.swift in Sources */ = {isa = PBXBuildFile; fileRef = 4B1B409F288BF90C0063989C /* ViewModelProtocol.swift */; };
		4B1B40A3288BF90D0063989C /* ViewModel.swift in Sources */ = {isa = PBXBuildFile; fileRef = 4B1B40A0288BF90C0063989C /* ViewModel.swift */; };
		4B1B40A4288BF90D0063989C /* ModelledViewController.swift in Sources */ = {isa = PBXBuildFile; fileRef = 4B1B40A1288BF90D0063989C /* ModelledViewController.swift */; };
		4B1B40A9288BF97A0063989C /* ActionManager.swift in Sources */ = {isa = PBXBuildFile; fileRef = 4B1B40A6288BF97A0063989C /* ActionManager.swift */; };
		4B1B40AA288BF97A0063989C /* NavigationController.swift in Sources */ = {isa = PBXBuildFile; fileRef = 4B1B40A7288BF97A0063989C /* NavigationController.swift */; };
		4B1B40AB288BF97A0063989C /* TabBarController.swift in Sources */ = {isa = PBXBuildFile; fileRef = 4B1B40A8288BF97A0063989C /* TabBarController.swift */; };
		4B1B40AF288BFB040063989C /* MainMenuViewController.swift in Sources */ = {isa = PBXBuildFile; fileRef = 4B1B40AD288BFB040063989C /* MainMenuViewController.swift */; };
		4B1B40B0288BFB040063989C /* MainMenuViewController.swift in Sources */ = {isa = PBXBuildFile; fileRef = 4B1B40AD288BFB040063989C /* MainMenuViewController.swift */; };
		4B1B40B1288BFB040063989C /* MainMenuViewController.xib in Resources */ = {isa = PBXBuildFile; fileRef = 4B1B40AE288BFB040063989C /* MainMenuViewController.xib */; };
		4B1B40B2288BFB040063989C /* MainMenuViewController.xib in Resources */ = {isa = PBXBuildFile; fileRef = 4B1B40AE288BFB040063989C /* MainMenuViewController.xib */; };
		4B1B40B4288BFB2C0063989C /* MainMenuViewModel.swift in Sources */ = {isa = PBXBuildFile; fileRef = 4B1B40B3288BFB2C0063989C /* MainMenuViewModel.swift */; };
		4B1B40B5288BFB2C0063989C /* MainMenuViewModel.swift in Sources */ = {isa = PBXBuildFile; fileRef = 4B1B40B3288BFB2C0063989C /* MainMenuViewModel.swift */; };
		4B1B40B9288C03FC0063989C /* UIColorExtension.swift in Sources */ = {isa = PBXBuildFile; fileRef = 4B1B40B8288C03FC0063989C /* UIColorExtension.swift */; };
		4B1B40BA288C03FC0063989C /* UIColorExtension.swift in Sources */ = {isa = PBXBuildFile; fileRef = 4B1B40B8288C03FC0063989C /* UIColorExtension.swift */; };
		4B1B40BC288C06820063989C /* UIViewExtension.swift in Sources */ = {isa = PBXBuildFile; fileRef = 4B1B40BB288C06820063989C /* UIViewExtension.swift */; };
		4B1B40BD288C06820063989C /* UIViewExtension.swift in Sources */ = {isa = PBXBuildFile; fileRef = 4B1B40BB288C06820063989C /* UIViewExtension.swift */; };
		4B1B40C1288C18270063989C /* UIColorExtensionTests.swift in Sources */ = {isa = PBXBuildFile; fileRef = 4B1B40C0288C18270063989C /* UIColorExtensionTests.swift */; };
		4B1B40C2288C1AE70063989C /* ViewModelProtocol.swift in Sources */ = {isa = PBXBuildFile; fileRef = 4B1B409F288BF90C0063989C /* ViewModelProtocol.swift */; };
		4B1B40C3288C1AEA0063989C /* ViewModel.swift in Sources */ = {isa = PBXBuildFile; fileRef = 4B1B40A0288BF90C0063989C /* ViewModel.swift */; };
		4B1B40C4288C1AEC0063989C /* ModelledViewController.swift in Sources */ = {isa = PBXBuildFile; fileRef = 4B1B40A1288BF90D0063989C /* ModelledViewController.swift */; };
/* End PBXBuildFile section */

/* Begin PBXContainerItemProxy section */
		4B1B4082288BF8810063989C /* PBXContainerItemProxy */ = {
			isa = PBXContainerItemProxy;
			containerPortal = 4B1B4063288BF8800063989C /* Project object */;
			proxyType = 1;
			remoteGlobalIDString = 4B1B406A288BF8800063989C;
			remoteInfo = "Directory App";
		};
		4B1B408C288BF8810063989C /* PBXContainerItemProxy */ = {
			isa = PBXContainerItemProxy;
			containerPortal = 4B1B4063288BF8800063989C /* Project object */;
			proxyType = 1;
			remoteGlobalIDString = 4B1B406A288BF8800063989C;
			remoteInfo = "Directory App";
		};
/* End PBXContainerItemProxy section */

/* Begin PBXFileReference section */
		4B1B406B288BF8800063989C /* Directory App.app */ = {isa = PBXFileReference; explicitFileType = wrapper.application; includeInIndex = 0; path = "Directory App.app"; sourceTree = BUILT_PRODUCTS_DIR; };
		4B1B406E288BF8800063989C /* AppDelegate.swift */ = {isa = PBXFileReference; lastKnownFileType = sourcecode.swift; path = AppDelegate.swift; sourceTree = "<group>"; };
		4B1B4070288BF8800063989C /* SceneDelegate.swift */ = {isa = PBXFileReference; lastKnownFileType = sourcecode.swift; path = SceneDelegate.swift; sourceTree = "<group>"; };
		4B1B4072288BF8800063989C /* ViewController.swift */ = {isa = PBXFileReference; lastKnownFileType = sourcecode.swift; path = ViewController.swift; sourceTree = "<group>"; };
		4B1B4077288BF8810063989C /* Assets.xcassets */ = {isa = PBXFileReference; lastKnownFileType = folder.assetcatalog; path = Assets.xcassets; sourceTree = "<group>"; };
		4B1B407A288BF8810063989C /* Base */ = {isa = PBXFileReference; lastKnownFileType = file.storyboard; name = Base; path = Base.lproj/LaunchScreen.storyboard; sourceTree = "<group>"; };
		4B1B407C288BF8810063989C /* Info.plist */ = {isa = PBXFileReference; lastKnownFileType = text.plist.xml; path = Info.plist; sourceTree = "<group>"; };
		4B1B4081288BF8810063989C /* Directory AppTests.xctest */ = {isa = PBXFileReference; explicitFileType = wrapper.cfbundle; includeInIndex = 0; path = "Directory AppTests.xctest"; sourceTree = BUILT_PRODUCTS_DIR; };
		4B1B4085288BF8810063989C /* Directory_AppTests.swift */ = {isa = PBXFileReference; lastKnownFileType = sourcecode.swift; path = Directory_AppTests.swift; sourceTree = "<group>"; };
		4B1B408B288BF8810063989C /* Directory AppUITests.xctest */ = {isa = PBXFileReference; explicitFileType = wrapper.cfbundle; includeInIndex = 0; path = "Directory AppUITests.xctest"; sourceTree = BUILT_PRODUCTS_DIR; };
		4B1B408F288BF8810063989C /* Directory_AppUITests.swift */ = {isa = PBXFileReference; lastKnownFileType = sourcecode.swift; path = Directory_AppUITests.swift; sourceTree = "<group>"; };
		4B1B4091288BF8810063989C /* Directory_AppUITestsLaunchTests.swift */ = {isa = PBXFileReference; lastKnownFileType = sourcecode.swift; path = Directory_AppUITestsLaunchTests.swift; sourceTree = "<group>"; };
		4B1B409F288BF90C0063989C /* ViewModelProtocol.swift */ = {isa = PBXFileReference; fileEncoding = 4; lastKnownFileType = sourcecode.swift; path = ViewModelProtocol.swift; sourceTree = "<group>"; };
		4B1B40A0288BF90C0063989C /* ViewModel.swift */ = {isa = PBXFileReference; fileEncoding = 4; lastKnownFileType = sourcecode.swift; path = ViewModel.swift; sourceTree = "<group>"; };
		4B1B40A1288BF90D0063989C /* ModelledViewController.swift */ = {isa = PBXFileReference; fileEncoding = 4; lastKnownFileType = sourcecode.swift; path = ModelledViewController.swift; sourceTree = "<group>"; };
		4B1B40A6288BF97A0063989C /* ActionManager.swift */ = {isa = PBXFileReference; fileEncoding = 4; lastKnownFileType = sourcecode.swift; path = ActionManager.swift; sourceTree = "<group>"; };
		4B1B40A7288BF97A0063989C /* NavigationController.swift */ = {isa = PBXFileReference; fileEncoding = 4; lastKnownFileType = sourcecode.swift; path = NavigationController.swift; sourceTree = "<group>"; };
		4B1B40A8288BF97A0063989C /* TabBarController.swift */ = {isa = PBXFileReference; fileEncoding = 4; lastKnownFileType = sourcecode.swift; path = TabBarController.swift; sourceTree = "<group>"; };
		4B1B40AD288BFB040063989C /* MainMenuViewController.swift */ = {isa = PBXFileReference; lastKnownFileType = sourcecode.swift; path = MainMenuViewController.swift; sourceTree = "<group>"; };
		4B1B40AE288BFB040063989C /* MainMenuViewController.xib */ = {isa = PBXFileReference; lastKnownFileType = file.xib; path = MainMenuViewController.xib; sourceTree = "<group>"; };
		4B1B40B3288BFB2C0063989C /* MainMenuViewModel.swift */ = {isa = PBXFileReference; lastKnownFileType = sourcecode.swift; path = MainMenuViewModel.swift; sourceTree = "<group>"; };
		4B1B40B8288C03FC0063989C /* UIColorExtension.swift */ = {isa = PBXFileReference; lastKnownFileType = sourcecode.swift; path = UIColorExtension.swift; sourceTree = "<group>"; };
		4B1B40BB288C06820063989C /* UIViewExtension.swift */ = {isa = PBXFileReference; lastKnownFileType = sourcecode.swift; path = UIViewExtension.swift; sourceTree = "<group>"; };
		4B1B40C0288C18270063989C /* UIColorExtensionTests.swift */ = {isa = PBXFileReference; lastKnownFileType = sourcecode.swift; path = UIColorExtensionTests.swift; sourceTree = "<group>"; };
/* End PBXFileReference section */

/* Begin PBXFrameworksBuildPhase section */
		4B1B4068288BF8800063989C /* Frameworks */ = {
			isa = PBXFrameworksBuildPhase;
			buildActionMask = 2147483647;
			files = (
			);
			runOnlyForDeploymentPostprocessing = 0;
		};
		4B1B407E288BF8810063989C /* Frameworks */ = {
			isa = PBXFrameworksBuildPhase;
			buildActionMask = 2147483647;
			files = (
			);
			runOnlyForDeploymentPostprocessing = 0;
		};
		4B1B4088288BF8810063989C /* Frameworks */ = {
			isa = PBXFrameworksBuildPhase;
			buildActionMask = 2147483647;
			files = (
			);
			runOnlyForDeploymentPostprocessing = 0;
		};
/* End PBXFrameworksBuildPhase section */

/* Begin PBXGroup section */
		4B1B4062288BF8800063989C = {
			isa = PBXGroup;
			children = (
				4B1B406D288BF8800063989C /* Directory App */,
				4B1B4084288BF8810063989C /* Directory AppTests */,
				4B1B408E288BF8810063989C /* Directory AppUITests */,
				4B1B406C288BF8800063989C /* Products */,
			);
			sourceTree = "<group>";
		};
		4B1B406C288BF8800063989C /* Products */ = {
			isa = PBXGroup;
			children = (
				4B1B406B288BF8800063989C /* Directory App.app */,
				4B1B4081288BF8810063989C /* Directory AppTests.xctest */,
				4B1B408B288BF8810063989C /* Directory AppUITests.xctest */,
			);
			name = Products;
			sourceTree = "<group>";
		};
		4B1B406D288BF8800063989C /* Directory App */ = {
			isa = PBXGroup;
			children = (
				4B1B40B7288C03550063989C /* Extensions */,
				4B1B40A5288BF97A0063989C /* Navigation */,
				4B1B409E288BF90C0063989C /* MVVM */,
				4B1B40AC288BFADA0063989C /* 1. Main Menu */,
				4B1B406E288BF8800063989C /* AppDelegate.swift */,
				4B1B4070288BF8800063989C /* SceneDelegate.swift */,
				4B1B4072288BF8800063989C /* ViewController.swift */,
				4B1B4077288BF8810063989C /* Assets.xcassets */,
				4B1B4079288BF8810063989C /* LaunchScreen.storyboard */,
				4B1B407C288BF8810063989C /* Info.plist */,
			);
			path = "Directory App";
			sourceTree = "<group>";
		};
		4B1B4084288BF8810063989C /* Directory AppTests */ = {
			isa = PBXGroup;
			children = (
				4B1B40BE288C17F40063989C /* Cases */,
				4B1B4085288BF8810063989C /* Directory_AppTests.swift */,
			);
			path = "Directory AppTests";
			sourceTree = "<group>";
		};
		4B1B408E288BF8810063989C /* Directory AppUITests */ = {
			isa = PBXGroup;
			children = (
				4B1B408F288BF8810063989C /* Directory_AppUITests.swift */,
				4B1B4091288BF8810063989C /* Directory_AppUITestsLaunchTests.swift */,
			);
			path = "Directory AppUITests";
			sourceTree = "<group>";
		};
		4B1B409E288BF90C0063989C /* MVVM */ = {
			isa = PBXGroup;
			children = (
				4B1B409F288BF90C0063989C /* ViewModelProtocol.swift */,
				4B1B40A0288BF90C0063989C /* ViewModel.swift */,
				4B1B40A1288BF90D0063989C /* ModelledViewController.swift */,
			);
			path = MVVM;
			sourceTree = "<group>";
		};
		4B1B40A5288BF97A0063989C /* Navigation */ = {
			isa = PBXGroup;
			children = (
				4B1B40A6288BF97A0063989C /* ActionManager.swift */,
				4B1B40A7288BF97A0063989C /* NavigationController.swift */,
				4B1B40A8288BF97A0063989C /* TabBarController.swift */,
			);
			path = Navigation;
			sourceTree = "<group>";
		};
		4B1B40AC288BFADA0063989C /* 1. Main Menu */ = {
			isa = PBXGroup;
			children = (
				4B1B40AD288BFB040063989C /* MainMenuViewController.swift */,
				4B1B40AE288BFB040063989C /* MainMenuViewController.xib */,
				4B1B40B3288BFB2C0063989C /* MainMenuViewModel.swift */,
			);
			path = "1. Main Menu";
			sourceTree = "<group>";
		};
		4B1B40B7288C03550063989C /* Extensions */ = {
			isa = PBXGroup;
			children = (
				4B1B40B8288C03FC0063989C /* UIColorExtension.swift */,
				4B1B40BB288C06820063989C /* UIViewExtension.swift */,
			);
			path = Extensions;
			sourceTree = "<group>";
		};
		4B1B40BE288C17F40063989C /* Cases */ = {
			isa = PBXGroup;
			children = (
				4B1B40BF288C17FC0063989C /* Extensions */,
			);
			path = Cases;
			sourceTree = "<group>";
		};
		4B1B40BF288C17FC0063989C /* Extensions */ = {
			isa = PBXGroup;
			children = (
				4B1B40C0288C18270063989C /* UIColorExtensionTests.swift */,
			);
			path = Extensions;
			sourceTree = "<group>";
		};
/* End PBXGroup section */

/* Begin PBXNativeTarget section */
		4B1B406A288BF8800063989C /* Directory App */ = {
			isa = PBXNativeTarget;
			buildConfigurationList = 4B1B4095288BF8810063989C /* Build configuration list for PBXNativeTarget "Directory App" */;
			buildPhases = (
				4B1B4067288BF8800063989C /* Sources */,
				4B1B4068288BF8800063989C /* Frameworks */,
				4B1B4069288BF8800063989C /* Resources */,
			);
			buildRules = (
			);
			dependencies = (
			);
			name = "Directory App";
			productName = "Directory App";
			productReference = 4B1B406B288BF8800063989C /* Directory App.app */;
			productType = "com.apple.product-type.application";
		};
		4B1B4080288BF8810063989C /* Directory AppTests */ = {
			isa = PBXNativeTarget;
			buildConfigurationList = 4B1B4098288BF8810063989C /* Build configuration list for PBXNativeTarget "Directory AppTests" */;
			buildPhases = (
				4B1B407D288BF8810063989C /* Sources */,
				4B1B407E288BF8810063989C /* Frameworks */,
				4B1B407F288BF8810063989C /* Resources */,
			);
			buildRules = (
			);
			dependencies = (
				4B1B4083288BF8810063989C /* PBXTargetDependency */,
			);
			name = "Directory AppTests";
			productName = "Directory AppTests";
			productReference = 4B1B4081288BF8810063989C /* Directory AppTests.xctest */;
			productType = "com.apple.product-type.bundle.unit-test";
		};
		4B1B408A288BF8810063989C /* Directory AppUITests */ = {
			isa = PBXNativeTarget;
			buildConfigurationList = 4B1B409B288BF8810063989C /* Build configuration list for PBXNativeTarget "Directory AppUITests" */;
			buildPhases = (
				4B1B4087288BF8810063989C /* Sources */,
				4B1B4088288BF8810063989C /* Frameworks */,
				4B1B4089288BF8810063989C /* Resources */,
			);
			buildRules = (
			);
			dependencies = (
				4B1B408D288BF8810063989C /* PBXTargetDependency */,
			);
			name = "Directory AppUITests";
			productName = "Directory AppUITests";
			productReference = 4B1B408B288BF8810063989C /* Directory AppUITests.xctest */;
			productType = "com.apple.product-type.bundle.ui-testing";
		};
/* End PBXNativeTarget section */

/* Begin PBXProject section */
		4B1B4063288BF8800063989C /* Project object */ = {
			isa = PBXProject;
			attributes = {
				BuildIndependentTargetsInParallel = 1;
				LastSwiftUpdateCheck = 1320;
				LastUpgradeCheck = 1320;
				TargetAttributes = {
					4B1B406A288BF8800063989C = {
						CreatedOnToolsVersion = 13.2.1;
					};
					4B1B4080288BF8810063989C = {
						CreatedOnToolsVersion = 13.2.1;
						TestTargetID = 4B1B406A288BF8800063989C;
					};
					4B1B408A288BF8810063989C = {
						CreatedOnToolsVersion = 13.2.1;
						TestTargetID = 4B1B406A288BF8800063989C;
					};
				};
			};
			buildConfigurationList = 4B1B4066288BF8800063989C /* Build configuration list for PBXProject "Directory App" */;
			compatibilityVersion = "Xcode 13.0";
			developmentRegion = en;
			hasScannedForEncodings = 0;
			knownRegions = (
				en,
				Base,
			);
			mainGroup = 4B1B4062288BF8800063989C;
			productRefGroup = 4B1B406C288BF8800063989C /* Products */;
			projectDirPath = "";
			projectRoot = "";
			targets = (
				4B1B406A288BF8800063989C /* Directory App */,
				4B1B4080288BF8810063989C /* Directory AppTests */,
				4B1B408A288BF8810063989C /* Directory AppUITests */,
			);
		};
/* End PBXProject section */

/* Begin PBXResourcesBuildPhase section */
		4B1B4069288BF8800063989C /* Resources */ = {
			isa = PBXResourcesBuildPhase;
			buildActionMask = 2147483647;
			files = (
				4B1B40B1288BFB040063989C /* MainMenuViewController.xib in Resources */,
				4B1B407B288BF8810063989C /* LaunchScreen.storyboard in Resources */,
				4B1B4078288BF8810063989C /* Assets.xcassets in Resources */,
			);
			runOnlyForDeploymentPostprocessing = 0;
		};
		4B1B407F288BF8810063989C /* Resources */ = {
			isa = PBXResourcesBuildPhase;
			buildActionMask = 2147483647;
			files = (
				4B1B40B2288BFB040063989C /* MainMenuViewController.xib in Resources */,
			);
			runOnlyForDeploymentPostprocessing = 0;
		};
		4B1B4089288BF8810063989C /* Resources */ = {
			isa = PBXResourcesBuildPhase;
			buildActionMask = 2147483647;
			files = (
			);
			runOnlyForDeploymentPostprocessing = 0;
		};
/* End PBXResourcesBuildPhase section */

/* Begin PBXSourcesBuildPhase section */
		4B1B4067288BF8800063989C /* Sources */ = {
			isa = PBXSourcesBuildPhase;
			buildActionMask = 2147483647;
			files = (
				4B1B40A4288BF90D0063989C /* ModelledViewController.swift in Sources */,
				4B1B40B9288C03FC0063989C /* UIColorExtension.swift in Sources */,
				4B1B40AA288BF97A0063989C /* NavigationController.swift in Sources */,
				4B1B40A3288BF90D0063989C /* ViewModel.swift in Sources */,
				4B1B40AB288BF97A0063989C /* TabBarController.swift in Sources */,
				4B1B40A9288BF97A0063989C /* ActionManager.swift in Sources */,
				4B1B40A2288BF90D0063989C /* ViewModelProtocol.swift in Sources */,
				4B1B40AF288BFB040063989C /* MainMenuViewController.swift in Sources */,
				4B1B4073288BF8800063989C /* ViewController.swift in Sources */,
				4B1B40BC288C06820063989C /* UIViewExtension.swift in Sources */,
				4B1B40B4288BFB2C0063989C /* MainMenuViewModel.swift in Sources */,
				4B1B406F288BF8800063989C /* AppDelegate.swift in Sources */,
				4B1B4071288BF8800063989C /* SceneDelegate.swift in Sources */,
			);
			runOnlyForDeploymentPostprocessing = 0;
		};
		4B1B407D288BF8810063989C /* Sources */ = {
			isa = PBXSourcesBuildPhase;
			buildActionMask = 2147483647;
			files = (
				4B1B40C4288C1AEC0063989C /* ModelledViewController.swift in Sources */,
				4B1B40BD288C06820063989C /* UIViewExtension.swift in Sources */,
				4B1B40C1288C18270063989C /* UIColorExtensionTests.swift in Sources */,
				4B1B40B0288BFB040063989C /* MainMenuViewController.swift in Sources */,
				4B1B40BA288C03FC0063989C /* UIColorExtension.swift in Sources */,
				4B1B40C2288C1AE70063989C /* ViewModelProtocol.swift in Sources */,
				4B1B4086288BF8810063989C /* Directory_AppTests.swift in Sources */,
				4B1B40C3288C1AEA0063989C /* ViewModel.swift in Sources */,
				4B1B40B5288BFB2C0063989C /* MainMenuViewModel.swift in Sources */,
			);
			runOnlyForDeploymentPostprocessing = 0;
		};
		4B1B4087288BF8810063989C /* Sources */ = {
			isa = PBXSourcesBuildPhase;
			buildActionMask = 2147483647;
			files = (
				4B1B4092288BF8810063989C /* Directory_AppUITestsLaunchTests.swift in Sources */,
				4B1B4090288BF8810063989C /* Directory_AppUITests.swift in Sources */,
			);
			runOnlyForDeploymentPostprocessing = 0;
		};
/* End PBXSourcesBuildPhase section */

/* Begin PBXTargetDependency section */
		4B1B4083288BF8810063989C /* PBXTargetDependency */ = {
			isa = PBXTargetDependency;
			target = 4B1B406A288BF8800063989C /* Directory App */;
			targetProxy = 4B1B4082288BF8810063989C /* PBXContainerItemProxy */;
		};
		4B1B408D288BF8810063989C /* PBXTargetDependency */ = {
			isa = PBXTargetDependency;
			target = 4B1B406A288BF8800063989C /* Directory App */;
			targetProxy = 4B1B408C288BF8810063989C /* PBXContainerItemProxy */;
		};
/* End PBXTargetDependency section */

/* Begin PBXVariantGroup section */
		4B1B4079288BF8810063989C /* LaunchScreen.storyboard */ = {
			isa = PBXVariantGroup;
			children = (
				4B1B407A288BF8810063989C /* Base */,
			);
			name = LaunchScreen.storyboard;
			sourceTree = "<group>";
		};
/* End PBXVariantGroup section */

/* Begin XCBuildConfiguration section */
		4B1B4093288BF8810063989C /* Debug */ = {
			isa = XCBuildConfiguration;
			buildSettings = {
				ALWAYS_SEARCH_USER_PATHS = NO;
				CLANG_ANALYZER_NONNULL = YES;
				CLANG_ANALYZER_NUMBER_OBJECT_CONVERSION = YES_AGGRESSIVE;
				CLANG_CXX_LANGUAGE_STANDARD = "gnu++17";
				CLANG_CXX_LIBRARY = "libc++";
				CLANG_ENABLE_MODULES = YES;
				CLANG_ENABLE_OBJC_ARC = YES;
				CLANG_ENABLE_OBJC_WEAK = YES;
				CLANG_WARN_BLOCK_CAPTURE_AUTORELEASING = YES;
				CLANG_WARN_BOOL_CONVERSION = YES;
				CLANG_WARN_COMMA = YES;
				CLANG_WARN_CONSTANT_CONVERSION = YES;
				CLANG_WARN_DEPRECATED_OBJC_IMPLEMENTATIONS = YES;
				CLANG_WARN_DIRECT_OBJC_ISA_USAGE = YES_ERROR;
				CLANG_WARN_DOCUMENTATION_COMMENTS = YES;
				CLANG_WARN_EMPTY_BODY = YES;
				CLANG_WARN_ENUM_CONVERSION = YES;
				CLANG_WARN_INFINITE_RECURSION = YES;
				CLANG_WARN_INT_CONVERSION = YES;
				CLANG_WARN_NON_LITERAL_NULL_CONVERSION = YES;
				CLANG_WARN_OBJC_IMPLICIT_RETAIN_SELF = YES;
				CLANG_WARN_OBJC_LITERAL_CONVERSION = YES;
				CLANG_WARN_OBJC_ROOT_CLASS = YES_ERROR;
				CLANG_WARN_QUOTED_INCLUDE_IN_FRAMEWORK_HEADER = YES;
				CLANG_WARN_RANGE_LOOP_ANALYSIS = YES;
				CLANG_WARN_STRICT_PROTOTYPES = YES;
				CLANG_WARN_SUSPICIOUS_MOVE = YES;
				CLANG_WARN_UNGUARDED_AVAILABILITY = YES_AGGRESSIVE;
				CLANG_WARN_UNREACHABLE_CODE = YES;
				CLANG_WARN__DUPLICATE_METHOD_MATCH = YES;
				COPY_PHASE_STRIP = NO;
				DEBUG_INFORMATION_FORMAT = dwarf;
				ENABLE_STRICT_OBJC_MSGSEND = YES;
				ENABLE_TESTABILITY = YES;
				GCC_C_LANGUAGE_STANDARD = gnu11;
				GCC_DYNAMIC_NO_PIC = NO;
				GCC_NO_COMMON_BLOCKS = YES;
				GCC_OPTIMIZATION_LEVEL = 0;
				GCC_PREPROCESSOR_DEFINITIONS = (
					"DEBUG=1",
					"$(inherited)",
				);
				GCC_WARN_64_TO_32_BIT_CONVERSION = YES;
				GCC_WARN_ABOUT_RETURN_TYPE = YES_ERROR;
				GCC_WARN_UNDECLARED_SELECTOR = YES;
				GCC_WARN_UNINITIALIZED_AUTOS = YES_AGGRESSIVE;
				GCC_WARN_UNUSED_FUNCTION = YES;
				GCC_WARN_UNUSED_VARIABLE = YES;
				IPHONEOS_DEPLOYMENT_TARGET = 15.2;
				MTL_ENABLE_DEBUG_INFO = INCLUDE_SOURCE;
				MTL_FAST_MATH = YES;
				ONLY_ACTIVE_ARCH = YES;
				SDKROOT = iphoneos;
				SWIFT_ACTIVE_COMPILATION_CONDITIONS = DEBUG;
				SWIFT_OPTIMIZATION_LEVEL = "-Onone";
			};
			name = Debug;
		};
		4B1B4094288BF8810063989C /* Release */ = {
			isa = XCBuildConfiguration;
			buildSettings = {
				ALWAYS_SEARCH_USER_PATHS = NO;
				CLANG_ANALYZER_NONNULL = YES;
				CLANG_ANALYZER_NUMBER_OBJECT_CONVERSION = YES_AGGRESSIVE;
				CLANG_CXX_LANGUAGE_STANDARD = "gnu++17";
				CLANG_CXX_LIBRARY = "libc++";
				CLANG_ENABLE_MODULES = YES;
				CLANG_ENABLE_OBJC_ARC = YES;
				CLANG_ENABLE_OBJC_WEAK = YES;
				CLANG_WARN_BLOCK_CAPTURE_AUTORELEASING = YES;
				CLANG_WARN_BOOL_CONVERSION = YES;
				CLANG_WARN_COMMA = YES;
				CLANG_WARN_CONSTANT_CONVERSION = YES;
				CLANG_WARN_DEPRECATED_OBJC_IMPLEMENTATIONS = YES;
				CLANG_WARN_DIRECT_OBJC_ISA_USAGE = YES_ERROR;
				CLANG_WARN_DOCUMENTATION_COMMENTS = YES;
				CLANG_WARN_EMPTY_BODY = YES;
				CLANG_WARN_ENUM_CONVERSION = YES;
				CLANG_WARN_INFINITE_RECURSION = YES;
				CLANG_WARN_INT_CONVERSION = YES;
				CLANG_WARN_NON_LITERAL_NULL_CONVERSION = YES;
				CLANG_WARN_OBJC_IMPLICIT_RETAIN_SELF = YES;
				CLANG_WARN_OBJC_LITERAL_CONVERSION = YES;
				CLANG_WARN_OBJC_ROOT_CLASS = YES_ERROR;
				CLANG_WARN_QUOTED_INCLUDE_IN_FRAMEWORK_HEADER = YES;
				CLANG_WARN_RANGE_LOOP_ANALYSIS = YES;
				CLANG_WARN_STRICT_PROTOTYPES = YES;
				CLANG_WARN_SUSPICIOUS_MOVE = YES;
				CLANG_WARN_UNGUARDED_AVAILABILITY = YES_AGGRESSIVE;
				CLANG_WARN_UNREACHABLE_CODE = YES;
				CLANG_WARN__DUPLICATE_METHOD_MATCH = YES;
				COPY_PHASE_STRIP = NO;
				DEBUG_INFORMATION_FORMAT = "dwarf-with-dsym";
				ENABLE_NS_ASSERTIONS = NO;
				ENABLE_STRICT_OBJC_MSGSEND = YES;
				GCC_C_LANGUAGE_STANDARD = gnu11;
				GCC_NO_COMMON_BLOCKS = YES;
				GCC_WARN_64_TO_32_BIT_CONVERSION = YES;
				GCC_WARN_ABOUT_RETURN_TYPE = YES_ERROR;
				GCC_WARN_UNDECLARED_SELECTOR = YES;
				GCC_WARN_UNINITIALIZED_AUTOS = YES_AGGRESSIVE;
				GCC_WARN_UNUSED_FUNCTION = YES;
				GCC_WARN_UNUSED_VARIABLE = YES;
				IPHONEOS_DEPLOYMENT_TARGET = 15.2;
				MTL_ENABLE_DEBUG_INFO = NO;
				MTL_FAST_MATH = YES;
				SDKROOT = iphoneos;
				SWIFT_COMPILATION_MODE = wholemodule;
				SWIFT_OPTIMIZATION_LEVEL = "-O";
				VALIDATE_PRODUCT = YES;
			};
			name = Release;
		};
		4B1B4096288BF8810063989C /* Debug */ = {
			isa = XCBuildConfiguration;
			buildSettings = {
				ASSETCATALOG_COMPILER_APPICON_NAME = AppIcon;
				ASSETCATALOG_COMPILER_GLOBAL_ACCENT_COLOR_NAME = AccentColor;
				CODE_SIGN_STYLE = Automatic;
				CURRENT_PROJECT_VERSION = 1;
				DEVELOPMENT_TEAM = 7265U2P6NP;
				GENERATE_INFOPLIST_FILE = YES;
				INFOPLIST_FILE = "Directory App/Info.plist";
				INFOPLIST_KEY_NSMainNibFile = MainMenuViewController;
				INFOPLIST_KEY_UIApplicationSupportsIndirectInputEvents = YES;
				INFOPLIST_KEY_UILaunchStoryboardName = LaunchScreen;
				INFOPLIST_KEY_UISupportedInterfaceOrientations_iPad = "UIInterfaceOrientationPortrait UIInterfaceOrientationPortraitUpsideDown UIInterfaceOrientationLandscapeLeft UIInterfaceOrientationLandscapeRight";
				INFOPLIST_KEY_UISupportedInterfaceOrientations_iPhone = "UIInterfaceOrientationPortrait UIInterfaceOrientationLandscapeLeft UIInterfaceOrientationLandscapeRight";
				LD_RUNPATH_SEARCH_PATHS = (
					"$(inherited)",
					"@executable_path/Frameworks",
				);
				MARKETING_VERSION = 1.0;
				PRODUCT_BUNDLE_IDENTIFIER = "com.kacpercichosz.Directory-App";
				PRODUCT_NAME = "$(TARGET_NAME)";
				SWIFT_EMIT_LOC_STRINGS = YES;
				SWIFT_VERSION = 5.0;
				TARGETED_DEVICE_FAMILY = "1,2";
			};
			name = Debug;
		};
		4B1B4097288BF8810063989C /* Release */ = {
			isa = XCBuildConfiguration;
			buildSettings = {
				ASSETCATALOG_COMPILER_APPICON_NAME = AppIcon;
				ASSETCATALOG_COMPILER_GLOBAL_ACCENT_COLOR_NAME = AccentColor;
				CODE_SIGN_STYLE = Automatic;
				CURRENT_PROJECT_VERSION = 1;
				DEVELOPMENT_TEAM = 7265U2P6NP;
				GENERATE_INFOPLIST_FILE = YES;
				INFOPLIST_FILE = "Directory App/Info.plist";
				INFOPLIST_KEY_NSMainNibFile = MainMenuViewController;
				INFOPLIST_KEY_UIApplicationSupportsIndirectInputEvents = YES;
				INFOPLIST_KEY_UILaunchStoryboardName = LaunchScreen;
				INFOPLIST_KEY_UISupportedInterfaceOrientations_iPad = "UIInterfaceOrientationPortrait UIInterfaceOrientationPortraitUpsideDown UIInterfaceOrientationLandscapeLeft UIInterfaceOrientationLandscapeRight";
				INFOPLIST_KEY_UISupportedInterfaceOrientations_iPhone = "UIInterfaceOrientationPortrait UIInterfaceOrientationLandscapeLeft UIInterfaceOrientationLandscapeRight";
				LD_RUNPATH_SEARCH_PATHS = (
					"$(inherited)",
					"@executable_path/Frameworks",
				);
				MARKETING_VERSION = 1.0;
				PRODUCT_BUNDLE_IDENTIFIER = "com.kacpercichosz.Directory-App";
				PRODUCT_NAME = "$(TARGET_NAME)";
				SWIFT_EMIT_LOC_STRINGS = YES;
				SWIFT_VERSION = 5.0;
				TARGETED_DEVICE_FAMILY = "1,2";
			};
			name = Release;
		};
		4B1B4099288BF8810063989C /* Debug */ = {
			isa = XCBuildConfiguration;
			buildSettings = {
				ALWAYS_EMBED_SWIFT_STANDARD_LIBRARIES = YES;
				BUNDLE_LOADER = "$(TEST_HOST)";
				CODE_SIGN_STYLE = Automatic;
				CURRENT_PROJECT_VERSION = 1;
				DEVELOPMENT_TEAM = 7265U2P6NP;
				GENERATE_INFOPLIST_FILE = YES;
				IPHONEOS_DEPLOYMENT_TARGET = 15.2;
				MARKETING_VERSION = 1.0;
				PRODUCT_BUNDLE_IDENTIFIER = "com.kacpercichosz.Directory-AppTests";
				PRODUCT_NAME = "$(TARGET_NAME)";
				SWIFT_EMIT_LOC_STRINGS = NO;
				SWIFT_VERSION = 5.0;
				TARGETED_DEVICE_FAMILY = "1,2";
				TEST_HOST = "$(BUILT_PRODUCTS_DIR)/Directory App.app/Directory App";
			};
			name = Debug;
		};
		4B1B409A288BF8810063989C /* Release */ = {
			isa = XCBuildConfiguration;
			buildSettings = {
				ALWAYS_EMBED_SWIFT_STANDARD_LIBRARIES = YES;
				BUNDLE_LOADER = "$(TEST_HOST)";
				CODE_SIGN_STYLE = Automatic;
				CURRENT_PROJECT_VERSION = 1;
				DEVELOPMENT_TEAM = 7265U2P6NP;
				GENERATE_INFOPLIST_FILE = YES;
				IPHONEOS_DEPLOYMENT_TARGET = 15.2;
				MARKETING_VERSION = 1.0;
				PRODUCT_BUNDLE_IDENTIFIER = "com.kacpercichosz.Directory-AppTests";
				PRODUCT_NAME = "$(TARGET_NAME)";
				SWIFT_EMIT_LOC_STRINGS = NO;
				SWIFT_VERSION = 5.0;
				TARGETED_DEVICE_FAMILY = "1,2";
				TEST_HOST = "$(BUILT_PRODUCTS_DIR)/Directory App.app/Directory App";
			};
			name = Release;
		};
		4B1B409C288BF8810063989C /* Debug */ = {
			isa = XCBuildConfiguration;
			buildSettings = {
				ALWAYS_EMBED_SWIFT_STANDARD_LIBRARIES = YES;
				CODE_SIGN_STYLE = Automatic;
				CURRENT_PROJECT_VERSION = 1;
				DEVELOPMENT_TEAM = 7265U2P6NP;
				GENERATE_INFOPLIST_FILE = YES;
				MARKETING_VERSION = 1.0;
				PRODUCT_BUNDLE_IDENTIFIER = "com.kacpercichosz.Directory-AppUITests";
				PRODUCT_NAME = "$(TARGET_NAME)";
				SWIFT_EMIT_LOC_STRINGS = NO;
				SWIFT_VERSION = 5.0;
				TARGETED_DEVICE_FAMILY = "1,2";
				TEST_TARGET_NAME = "Directory App";
			};
			name = Debug;
		};
		4B1B409D288BF8810063989C /* Release */ = {
			isa = XCBuildConfiguration;
			buildSettings = {
				ALWAYS_EMBED_SWIFT_STANDARD_LIBRARIES = YES;
				CODE_SIGN_STYLE = Automatic;
				CURRENT_PROJECT_VERSION = 1;
				DEVELOPMENT_TEAM = 7265U2P6NP;
				GENERATE_INFOPLIST_FILE = YES;
				MARKETING_VERSION = 1.0;
				PRODUCT_BUNDLE_IDENTIFIER = "com.kacpercichosz.Directory-AppUITests";
				PRODUCT_NAME = "$(TARGET_NAME)";
				SWIFT_EMIT_LOC_STRINGS = NO;
				SWIFT_VERSION = 5.0;
				TARGETED_DEVICE_FAMILY = "1,2";
				TEST_TARGET_NAME = "Directory App";
			};
			name = Release;
		};
/* End XCBuildConfiguration section */

/* Begin XCConfigurationList section */
		4B1B4066288BF8800063989C /* Build configuration list for PBXProject "Directory App" */ = {
			isa = XCConfigurationList;
			buildConfigurations = (
				4B1B4093288BF8810063989C /* Debug */,
				4B1B4094288BF8810063989C /* Release */,
			);
			defaultConfigurationIsVisible = 0;
			defaultConfigurationName = Release;
		};
		4B1B4095288BF8810063989C /* Build configuration list for PBXNativeTarget "Directory App" */ = {
			isa = XCConfigurationList;
			buildConfigurations = (
				4B1B4096288BF8810063989C /* Debug */,
				4B1B4097288BF8810063989C /* Release */,
			);
			defaultConfigurationIsVisible = 0;
			defaultConfigurationName = Release;
		};
		4B1B4098288BF8810063989C /* Build configuration list for PBXNativeTarget "Directory AppTests" */ = {
			isa = XCConfigurationList;
			buildConfigurations = (
				4B1B4099288BF8810063989C /* Debug */,
				4B1B409A288BF8810063989C /* Release */,
			);
			defaultConfigurationIsVisible = 0;
			defaultConfigurationName = Release;
		};
		4B1B409B288BF8810063989C /* Build configuration list for PBXNativeTarget "Directory AppUITests" */ = {
			isa = XCConfigurationList;
			buildConfigurations = (
				4B1B409C288BF8810063989C /* Debug */,
				4B1B409D288BF8810063989C /* Release */,
			);
			defaultConfigurationIsVisible = 0;
			defaultConfigurationName = Release;
		};
/* End XCConfigurationList section */
	};
	rootObject = 4B1B4063288BF8800063989C /* Project object */;
}
